
Microsoft Visual Studio Solution File, Format Version 12.00
# Visual Studio 2013
VisualStudioVersion = 12.0.21005.1
MinimumVisualStudioVersion = 10.0.40219.1
Project("{2150E333-8FDC-42A3-9474-1A3956D46DE8}") = "Domain", "Domain", "{0D19EFEE-4743-41E6-AB4F-63D642F35DCC}"
EndProject
Project("{FAE04EC0-301F-11D3-BF4B-00C04F79EFBC}") = "RestoDDD.Domaine", "RestoDDD.Domaine\RestoDDD.Domaine.csproj", "{0D898408-8CAD-4342-B369-DCB363E51A40}"
EndProject
Project("{2150E333-8FDC-42A3-9474-1A3956D46DE8}") = "Infrastructure", "Infrastructure", "{324E51FF-8FF8-4108-B07F-6980F558509A}"
EndProject
Project("{2150E333-8FDC-42A3-9474-1A3956D46DE8}") = "Data", "Data", "{3D9AFA37-4861-4F42-888C-88B024B7C96E}"
EndProject
Project("{FAE04EC0-301F-11D3-BF4B-00C04F79EFBC}") = "RestoDDD.infra", "RestoDDD.infra\RestoDDD.infra.csproj", "{8DA66694-E65D-4BE1-BC57-A66176BC026B}"
EndProject
Project("{2150E333-8FDC-42A3-9474-1A3956D46DE8}") = "App", "App", "{929A80C9-98EC-4655-BCB5-7F1CE8BD97EC}"
EndProject
Project("{FAE04EC0-301F-11D3-BF4B-00C04F79EFBC}") = "RestoDDD.Application", "RestoDDD.App\RestoDDD.Application.csproj", "{A253A0D7-B346-48DC-B9FB-312FAC81D0E5}"
EndProject
Project("{2150E333-8FDC-42A3-9474-1A3956D46DE8}") = "CrossCutting", "CrossCutting", "{ABCB0836-B42D-476B-804E-B7F22D674FFB}"
EndProject
Project("{FAE04EC0-301F-11D3-BF4B-00C04F79EFBC}") = "Ioc", "Ioc\Ioc.csproj", "{F7D6949E-136D-48BF-9929-FC1BBDA228D1}"
EndProject
Project("{2150E333-8FDC-42A3-9474-1A3956D46DE8}") = "Presentation", "Presentation", "{DCF6D8E4-296F-4CB4-88F5-AFB7945FC7E0}"
EndProject
Project("{FAE04EC0-301F-11D3-BF4B-00C04F79EFBC}") = "RestoDDD.Presentation", "RestoDDD.Presentation\RestoDDD.Presentation.csproj", "{099FF887-9E43-435B-AA5A-DB385A3F3A36}"
EndProject
Project("{FAE04EC0-301F-11D3-BF4B-00C04F79EFBC}") = "WebService", "WebService\WebService.csproj", "{046BB042-1838-4D9B-A557-25AFB856867B}"
EndProject
Global
	GlobalSection(SolutionConfigurationPlatforms) = preSolution
		Debug|Any CPU = Debug|Any CPU
		Release|Any CPU = Release|Any CPU
	EndGlobalSection
	GlobalSection(ProjectConfigurationPlatforms) = postSolution
		{0D898408-8CAD-4342-B369-DCB363E51A40}.Debug|Any CPU.ActiveCfg = Debug|Any CPU
		{0D898408-8CAD-4342-B369-DCB363E51A40}.Debug|Any CPU.Build.0 = Debug|Any CPU
		{0D898408-8CAD-4342-B369-DCB363E51A40}.Release|Any CPU.ActiveCfg = Release|Any CPU
		{0D898408-8CAD-4342-B369-DCB363E51A40}.Release|Any CPU.Build.0 = Release|Any CPU
		{8DA66694-E65D-4BE1-BC57-A66176BC026B}.Debug|Any CPU.ActiveCfg = Debug|Any CPU
		{8DA66694-E65D-4BE1-BC57-A66176BC026B}.Debug|Any CPU.Build.0 = Debug|Any CPU
		{8DA66694-E65D-4BE1-BC57-A66176BC026B}.Release|Any CPU.ActiveCfg = Release|Any CPU
		{8DA66694-E65D-4BE1-BC57-A66176BC026B}.Release|Any CPU.Build.0 = Release|Any CPU
		{A253A0D7-B346-48DC-B9FB-312FAC81D0E5}.Debug|Any CPU.ActiveCfg = Debug|Any CPU
		{A253A0D7-B346-48DC-B9FB-312FAC81D0E5}.Debug|Any CPU.Build.0 = Debug|Any CPU
		{A253A0D7-B346-48DC-B9FB-312FAC81D0E5}.Release|Any CPU.ActiveCfg = Release|Any CPU
		{A253A0D7-B346-48DC-B9FB-312FAC81D0E5}.Release|Any CPU.Build.0 = Release|Any CPU
		{F7D6949E-136D-48BF-9929-FC1BBDA228D1}.Debug|Any CPU.ActiveCfg = Debug|Any CPU
		{F7D6949E-136D-48BF-9929-FC1BBDA228D1}.Debug|Any CPU.Build.0 = Debug|Any CPU
		{F7D6949E-136D-48BF-9929-FC1BBDA228D1}.Release|Any CPU.ActiveCfg = Release|Any CPU
		{F7D6949E-136D-48BF-9929-FC1BBDA228D1}.Release|Any CPU.Build.0 = Release|Any CPU
		{099FF887-9E43-435B-AA5A-DB385A3F3A36}.Debug|Any CPU.ActiveCfg = Debug|Any CPU
		{099FF887-9E43-435B-AA5A-DB385A3F3A36}.Debug|Any CPU.Build.0 = Debug|Any CPU
		{099FF887-9E43-435B-AA5A-DB385A3F3A36}.Release|Any CPU.ActiveCfg = Release|Any CPU
		{099FF887-9E43-435B-AA5A-DB385A3F3A36}.Release|Any CPU.Build.0 = Release|Any CPU
		{046BB042-1838-4D9B-A557-25AFB856867B}.Debug|Any CPU.ActiveCfg = Debug|Any CPU
		{046BB042-1838-4D9B-A557-25AFB856867B}.Debug|Any CPU.Build.0 = Debug|Any CPU
		{046BB042-1838-4D9B-A557-25AFB856867B}.Release|Any CPU.ActiveCfg = Release|Any CPU
		{046BB042-1838-4D9B-A557-25AFB856867B}.Release|Any CPU.Build.0 = Release|Any CPU
	EndGlobalSection
	GlobalSection(SolutionProperties) = preSolution
		HideSolutionNode = FALSE
	EndGlobalSection
	GlobalSection(NestedProjects) = preSolution
		{0D898408-8CAD-4342-B369-DCB363E51A40} = {0D19EFEE-4743-41E6-AB4F-63D642F35DCC}
		{3D9AFA37-4861-4F42-888C-88B024B7C96E} = {324E51FF-8FF8-4108-B07F-6980F558509A}
		{ABCB0836-B42D-476B-804E-B7F22D674FFB} = {324E51FF-8FF8-4108-B07F-6980F558509A}
		{8DA66694-E65D-4BE1-BC57-A66176BC026B} = {3D9AFA37-4861-4F42-888C-88B024B7C96E}
		{A253A0D7-B346-48DC-B9FB-312FAC81D0E5} = {929A80C9-98EC-4655-BCB5-7F1CE8BD97EC}
		{F7D6949E-136D-48BF-9929-FC1BBDA228D1} = {ABCB0836-B42D-476B-804E-B7F22D674FFB}
		{099FF887-9E43-435B-AA5A-DB385A3F3A36} = {DCF6D8E4-296F-4CB4-88F5-AFB7945FC7E0}
		{046BB042-1838-4D9B-A557-25AFB856867B} = {DCF6D8E4-296F-4CB4-88F5-AFB7945FC7E0}
	EndGlobalSection
EndGlobal
